# This file is autogenerated, do not edit; changes may be undone by the next 'dep ensure'.


[[projects]]
  digest = "1:50e893a85575fa48dc4982a279e50e2fd8b74e4f7c587860c1e25c77083b8125"
  name = "github.com/cihub/seelog"
  packages = ["."]
  pruneopts = "UT"
  revision = "d2c6e5aa9fbfdd1c624e140287063c7730654115"
  version = "v2.6"

[[projects]]
  digest = "1:760748f199619fee07ebdfa1030cdc53923fedf9fcfbb9033ea3aceb5eed41b9"
  name = "github.com/eoscanada/eos-go"
  packages = [
    ".",
    "btcsuite/btcd/btcec",
    "btcsuite/btcutil",
    "btcsuite/btcutil/base58",
    "ecc",
    "p2p",
    "token",
  ]
  pruneopts = "UT"
  revision = "0ae00cf6d8281e29f1eb5ed79b4bbed11b99e059"

[[projects]]
  branch = "master"
  digest = "1:07d87e128fcc4bccc3d60dae13b5163f401be2bd6d661d25a722b77e452e8cce"
  name = "github.com/eosforce/relay"
  packages = [
    "chain",
    "chain/base/chain-msg",
    "chain/base/client",
    "chain/base/client/eos",
    "chain/base/client/eosforce",
    "chain/base/eos-handler",
    "chain/base/eosforce-handler",
    "chain/main-chain",
    "chain/side-chain/eos",
    "chain/wallets",
    "cmd/config",
    "const",
    "db",
    "token",
    "types",
  ]
  pruneopts = "UT"
  revision = "f621ca0a012249d1983530a790455aab4880a3f0"

[[projects]]
  branch = "master"
  digest = "1:aad4881e337e6b47b92c1ad93ed06a320b651ab209e4f8e43dc1380ad25d8f71"
  name = "github.com/fanyang1988/eos-go"
  packages = [
    ".",
    "btcsuite/btcd/btcec",
    "btcsuite/btcutil",
    "btcsuite/btcutil/base58",
    "ecc",
    "eosforce",
    "logger",
    "p2p",
    "token",
  ]
  pruneopts = "UT"
  revision = "f01b60a57f7d8a85820b68ddf2ae0afa008f0136"

[[projects]]
  branch = "master"
  digest = "1:fd97437fbb6b7dce04132cf06775bd258cce305c44add58eb55ca86c6c325160"
  name = "github.com/jinzhu/inflection"
  packages = ["."]
  pruneopts = "UT"
  revision = "04140366298a54a039076d798123ffa108fff46c"

[[projects]]
  digest = "1:40e195917a951a8bf867cd05de2a46aaf1806c50cf92eebf4c16f78cd196f747"
  name = "github.com/pkg/errors"
  packages = ["."]
  pruneopts = "UT"
  revision = "645ef00459ed84a119197bfb8d8205042c6df63d"
  version = "v0.8.0"

[[projects]]
  branch = "master"
  digest = "1:f804354850ef747f20e387a75e04dfc64a205ab342f7086b7d77796865ff5ede"
  name = "golang.org/x/crypto"
  packages = ["ripemd160"]
  pruneopts = "UT"
  revision = "182538f80094b6a8efaade63a8fd8e0d9d5843dd"

[[projects]]
  branch = "v1"
  digest = "1:3443b1423511a78a2108f907e8ab347e3e16db19b2ab6d3219d75d88839757c1"
  name = "gopkg.in/bsm/ratelimit.v1"
  packages = ["."]
  pruneopts = "UT"
  revision = "db14e161995a5177acef654cb0dd785e8ee8bc22"

[[projects]]
  digest = "1:e2531c267c4b20841a48c15e1b0b113461f7316b5473f59f82cbe306899b0fd5"
  name = "gopkg.in/pg.v4"
  packages = [
    ".",
    "internal",
    "internal/parser",
    "internal/pool",
    "orm",
    "types",
  ]
  pruneopts = "UT"
  revision = "9077b731c777301785dffa29a2d0e23119064a9f"
  version = "v4.9.5"

[solve-meta]
  analyzer-name = "dep"
  analyzer-version = 1
  input-imports = [
    "github.com/cihub/seelog",
    "github.com/eoscanada/eos-go",
    "github.com/eosforce/relay/chain",
    "github.com/eosforce/relay/chain/wallets",
    "github.com/eosforce/relay/cmd/config",
    "github.com/eosforce/relay/db",
    "github.com/eosforce/relay/token",
    "github.com/eosforce/relay/types",
  ]
  solver-name = "gps-cdcl"
  solver-version = 1
